{
  "name": "20190702montagut-mini-app",
  "version": "1.0.0",
  "lockfileVersion": 1,
  "requires": true,
  "dependencies": {
    "lodash": {
      "version": "4.17.21",
      "resolved": "https://registry.npmjs.org/lodash/-/lodash-4.17.21.tgz",
      "integrity": "sha512-v2kDEe57lecTulaDIuNTPy3Ry4gLGJ6Z1O3vE1krgXZNrsQ+LFTGHVxVjcXPs17LhbZVGedAJv8XZ1tvj5FvSg=="
    },
    "wxapp-lodash": {
      "version": "1.0.1",
      "resolved": "https://registry.npmjs.org/wxapp-lodash/-/wxapp-lodash-1.0.1.tgz",
      "integrity": "sha512-3dJgrHiF42x063DgTCpzcffgTFhTS40rEDavggOhcCVSyK5RWmTjZQL1IWCY6VKVDauLTFgzhQWJRBaLEKfxhw==",
      "dev": true
    }
  }
}
